{
  "name": "backend",
  "version": "1.0.0",
  "lockfileVersion": 3,
  "requires": true,
  "packages": {
    "": {
      "name": "backend",
      "version": "1.0.0",
      "license": "ISC",
      "dependencies": {
        "replicache": "^14.2.2"
      }
    },
    "node_modules/@badrap/valita": {
      "version": "0.3.8",
      "resolved": "https://registry.npmjs.org/@badrap/valita/-/valita-0.3.8.tgz",
      "integrity": "sha512-aqzw+V8XSOkYlu7Aq1QhXqfxz5V6Vm6e0p6XZYZDEaGwSc6ac9OJ4B7U4BOo3mm7FzzRRHJ5yizeGKnj+REjBQ==",
      "engines": {
        "node": ">= 16"
      }
    },
    "node_modules/@rocicorp/lock": {
      "version": "1.0.3",
      "resolved": "https://registry.npmjs.org/@rocicorp/lock/-/lock-1.0.3.tgz",
      "integrity": "sha512-aXRTG0Ul89KrV30J/p209RhMCRLIFFIT6RepvCPBicKTHaUtTlmJipgLl6QmSt5HJYYJ5P8Czp+4T4G1+6fcgQ==",
      "dependencies": {
        "@rocicorp/resolver": "^1.0.1"
      },
      "engines": {
        "node": "^12.20.0 || ^14.13.1 || >=16.0.0"
      }
    },
    "node_modules/@rocicorp/logger": {
      "version": "5.2.1",
      "resolved": "https://registry.npmjs.org/@rocicorp/logger/-/logger-5.2.1.tgz",
      "integrity": "sha512-/co4DJq3opjULOHe7hMAho/E2WJuv6rMOJ1QDlCKsPHZ09XkkKHDM8dPu+odmDHWBb5aMnnzC92WQLd05CTxnA=="
    },
    "node_modules/@rocicorp/resolver": {
      "version": "1.0.1",
      "resolved": "https://registry.npmjs.org/@rocicorp/resolver/-/resolver-1.0.1.tgz",
      "integrity": "sha512-9+IK9C/du8Nrqn3LaKBxJwV4H2HyIpa7HlTuc4eQ938lL4faxN6TuQV+IpvX6PxQeR14X7yMtz1f9dfiS5fvlw==",
      "engines": {
        "node": "^12.20.0 || ^14.13.1 || >=16.0.0"
      }
    },
    "node_modules/replicache": {
      "version": "14.2.2",
      "resolved": "https://registry.npmjs.org/replicache/-/replicache-14.2.2.tgz",
      "integrity": "sha512-PBlt6C2X7wSPVUUVBKumHPTXXmPZYO/rqoTQXYLgvzPabYkKBdJbCEHjh9hXNUU5vpkzDeEmOPQqlVus9zCiBg==",
      "dependencies": {
        "@badrap/valita": "^0.3.0",
        "@rocicorp/lock": "^1.0.3",
        "@rocicorp/logger": "^5.2.1",
        "@rocicorp/resolver": "^1.0.1"
      },
      "bin": {
        "replicache": "out/cli.cjs"
      },
      "engines": {
        "node": ">=14.8.0"
      }
    }
  }
}
